
Microsoft Visual Studio Solution File, Format Version 12.00
# Visual Studio Version 17
VisualStudioVersion = 17.8.34330.188
MinimumVisualStudioVersion = 10.0.40219.1
Project("{FAE04EC0-301F-11D3-BF4B-00C04F79EFBC}") = "Inventory Management System", "Inventory Management System.csproj", "{DBF82613-D137-441E-94D0-A86ABBCF25EB}"
EndProject
Global
	GlobalSection(SolutionConfigurationPlatforms) = preSolution
		Debug|Any CPU = Debug|Any CPU
		Release|Any CPU = Release|Any CPU
	EndGlobalSection
	GlobalSection(ProjectConfigurationPlatforms) = postSolution
		{DBF82613-D137-441E-94D0-A86ABBCF25EB}.Debug|Any CPU.ActiveCfg = Debug|Any CPU
		{DBF82613-D137-441E-94D0-A86ABBCF25EB}.Debug|Any CPU.Build.0 = Debug|Any CPU
		{DBF82613-D137-441E-94D0-A86ABBCF25EB}.Release|Any CPU.ActiveCfg = Release|Any CPU
		{DBF82613-D137-441E-94D0-A86ABBCF25EB}.Release|Any CPU.Build.0 = Release|Any CPU
	EndGlobalSection
	GlobalSection(SolutionProperties) = preSolution
		HideSolutionNode = FALSE
	EndGlobalSection
	GlobalSection(ExtensibilityGlobals) = postSolution
		SolutionGuid = {DD39A849-CA53-43C6-891C-E236BDB33E6C}
	EndGlobalSection
EndGlobal
